
Microsoft Visual Studio Solution File, Format Version 9.00
# Visual Studio 2005
Project("{8BC9CEB8-8B4A-11D0-8D11-00A0C91BC942}") = "RegMan", "RegMan.vcproj", "{07DC0B86-9241-452F-97BD-925C8FE4DF4D}"
EndProject
Global
	GlobalSection(SolutionConfigurationPlatforms) = preSolution
		Debug|Win32 = Debug|Win32
		Debug|x64 = Debug|x64
		Release|Win32 = Release|Win32
		Release|x64 = Release|x64
	EndGlobalSection
	GlobalSection(ProjectConfigurationPlatforms) = postSolution
		{07DC0B86-9241-452F-97BD-925C8FE4DF4D}.Debug|Win32.ActiveCfg = Debug|Win32
		{07DC0B86-9241-452F-97BD-925C8FE4DF4D}.Debug|Win32.Build.0 = Debug|Win32
		{07DC0B86-9241-452F-97BD-925C8FE4DF4D}.Debug|x64.ActiveCfg = Debug|x64
		{07DC0B86-9241-452F-97BD-925C8FE4DF4D}.Debug|x64.Build.0 = Debug|x64
		{07DC0B86-9241-452F-97BD-925C8FE4DF4D}.Release|Win32.ActiveCfg = Release|Win32
		{07DC0B86-9241-452F-97BD-925C8FE4DF4D}.Release|Win32.Build.0 = Release|Win32
		{07DC0B86-9241-452F-97BD-925C8FE4DF4D}.Release|x64.ActiveCfg = Release|x64
		{07DC0B86-9241-452F-97BD-925C8FE4DF4D}.Release|x64.Build.0 = Release|x64
	EndGlobalSection
	GlobalSection(SolutionProperties) = preSolution
		HideSolutionNode = FALSE
	EndGlobalSection
EndGlobal
